
Microsoft Visual Studio Solution File, Format Version 11.00
# Visual Studio 2010
Project("{FAE04EC0-301F-11D3-BF4B-00C04F79EFBC}") = "Main-4", "Main-4\Main-4.csproj", "{B5B14969-E839-4A0F-989F-011E02FC3DF3}"
EndProject
Project("{2150E333-8FDC-42A3-9474-1A3956D46DE8}") = "Locators", "Locators", "{E0F0BE8C-787B-49AE-8ECB-F297445C6C3C}"
	ProjectSection(SolutionItems) = preProject
		Locators\AutofacRunner.cs = Locators\AutofacRunner.cs
		Locators\CastleWindsorRunner.cs = Locators\CastleWindsorRunner.cs
		Locators\ILocator.cs = Locators\ILocator.cs
		Locators\LoadedAutofacRunner.cs = Locators\LoadedAutofacRunner.cs
		Locators\LoadedCastleWindsorRunner.cs = Locators\LoadedCastleWindsorRunner.cs
		Locators\LoadedNinjectRunner.cs = Locators\LoadedNinjectRunner.cs
		Locators\LoadedSpringNetRunner.cs = Locators\LoadedSpringNetRunner.cs
		Locators\LoadedSpringRunner.cs = Locators\LoadedSpringRunner.cs
		Locators\LoadedStructureMapRunner.cs = Locators\LoadedStructureMapRunner.cs
		Locators\LoadedUnityRunner.cs = Locators\LoadedUnityRunner.cs
		Locators\NinjectRunner.cs = Locators\NinjectRunner.cs
		Locators\SpringRunner.cs = Locators\SpringRunner.cs
		Locators\StructureMapRunner.cs = Locators\StructureMapRunner.cs
		Locators\UnityRunner.cs = Locators\UnityRunner.cs
		Locators\VariableLoadAutofacRunner.cs = Locators\VariableLoadAutofacRunner.cs
		Locators\VariableLoadUnityRunner.cs = Locators\VariableLoadUnityRunner.cs
	EndProjectSection
EndProject
Project("{2150E333-8FDC-42A3-9474-1A3956D46DE8}") = "Dummies", "Dummies", "{ED9A7B76-6D2A-4D39-8C2F-3B034E0FCD5C}"
	ProjectSection(SolutionItems) = preProject
		Dummies\Dummy.cs = Dummies\Dummy.cs
		Dummies\MultiDummy.cs = Dummies\MultiDummy.cs
		Dummies\SpringConfig.xml = Dummies\SpringConfig.xml
	EndProjectSection
EndProject
Project("{FAE04EC0-301F-11D3-BF4B-00C04F79EFBC}") = "Generators", "Generators\Generators.csproj", "{63D81ABE-A134-4CE7-80F3-68CB40DCA50D}"
EndProject
Global
	GlobalSection(SolutionConfigurationPlatforms) = preSolution
		Debug|x86 = Debug|x86
		Release|x86 = Release|x86
	EndGlobalSection
	GlobalSection(ProjectConfigurationPlatforms) = postSolution
		{B5B14969-E839-4A0F-989F-011E02FC3DF3}.Debug|x86.ActiveCfg = Debug|x86
		{B5B14969-E839-4A0F-989F-011E02FC3DF3}.Debug|x86.Build.0 = Debug|x86
		{B5B14969-E839-4A0F-989F-011E02FC3DF3}.Release|x86.ActiveCfg = Release|x86
		{B5B14969-E839-4A0F-989F-011E02FC3DF3}.Release|x86.Build.0 = Release|x86
		{63D81ABE-A134-4CE7-80F3-68CB40DCA50D}.Debug|x86.ActiveCfg = Debug|x86
		{63D81ABE-A134-4CE7-80F3-68CB40DCA50D}.Debug|x86.Build.0 = Debug|x86
		{63D81ABE-A134-4CE7-80F3-68CB40DCA50D}.Release|x86.ActiveCfg = Release|x86
	EndGlobalSection
	GlobalSection(SolutionProperties) = preSolution
		HideSolutionNode = FALSE
	EndGlobalSection
EndGlobal
